{
  "version": 1,
  "dependencies": {
    "net10.0": {
      "Microsoft.Extensions.DependencyInjection.Abstractions": {
        "type": "Direct",
        "requested": "[10.0.9, )",
        "resolved": "10.0.9",
        "contentHash": "g41l/30G3K4B/d/L8kjux0+30e27c8D0FVQ/PFCpbekgfDpj9mnDhieP67EqXWvl1EWNeZh2rpR4F5B/jcDOHA=="
      },
      "Microsoft.Extensions.Options": {
        "type": "Direct",
        "requested": "[10.0.9, )",
        "resolved": "10.0.9",
        "contentHash": "hyNdX4c2UwkRkzb9byw0H2DQkRzwBM3mzY2sCM9egwzTyg8dvQJmp5noQHGEaaCORQrNK3DD2gREBsc2DlXS4A==",
        "dependencies": {
          "Microsoft.Extensions.DependencyInjection.Abstractions": "10.0.9",
          "Microsoft.Extensions.Primitives": "10.0.9"
        }
      },
      "Microsoft.SourceLink.GitHub": {
        "type": "Direct",
        "requested": "[10.0.300, )",
        "resolved": "10.0.300",
        "contentHash": "QzCtLkXVb3l4IxcpvJCbzUwMLihAmLN6vVLjQGSzYSF8d2dvXxqJAZk83RV3gYnp2egz8jRMgSR2woY3vOahTA==",
        "dependencies": {
          "Microsoft.Build.Tasks.Git": "10.0.300",
          "Microsoft.SourceLink.Common": "10.0.300",
          "System.IO.Hashing": "10.0.8"
        }
      },
      "VaultSharp": {
        "type": "Direct",
        "requested": "[1.17.5.1, )",
        "resolved": "1.17.5.1",
        "contentHash": "1O/F+AQCkyK4K709pBDYEbDDfJ12OlaE5lnOs9dffq+KxqrnPxh8FIdQtEst9yBJmC7I0BptftzTJyRSwhZR/A=="
      },
      "Microsoft.Build.Tasks.Git": {
        "type": "Transitive",
        "resolved": "10.0.300",
        "contentHash": "P0kaQwVZx4xIUe2FtrLyBadYNXuAljttJUPvjBYRuHhPE8L77L42KakLDkaADRiUrGspoLcMwayjrbQhYTr0zA==",
        "dependencies": {
          "System.IO.Hashing": "10.0.8"
        }
      },
      "Microsoft.Extensions.Primitives": {
        "type": "Transitive",
        "resolved": "10.0.9",
        "contentHash": "fmEbAUFsaIKirgLt/lYhuFRBwhcSJN31jjHgCdbQxJiWOum6EdLjkbgGuukSP9z/a+9LibaxII/kF+GwOXgC4g=="
      },
      "Microsoft.SourceLink.Common": {
        "type": "Transitive",
        "resolved": "10.0.300",
        "contentHash": "0jlkXaUGjYlWTIVPve5MftjKHnT3SlAtq9BCLV4J9IjdPrxV/+4rMlBSjfr1khG8/GC6KGojjola8E1VvWF0qQ=="
      },
      "System.IO.Hashing": {
        "type": "Transitive",
        "resolved": "10.0.8",
        "contentHash": "+dJsbPJ3FyUbTZNplFj0RCKePFizmv6ewDV46JE9q/IVH4c3xTCftHfHelLsAKf0jryIPqgMb5GpS0x7TAY3mg=="
      },
      "stampd.core": {
        "type": "Project"
      }
    }
  }
}