{
  "version": 1,
  "dependencies": {
    "net10.0": {
      "Google.Cloud.Storage.V1": {
        "type": "Direct",
        "requested": "[4.10.0, )",
        "resolved": "4.10.0",
        "contentHash": "a4hHQzDkzR/5Fm2gvfKnvuajYwgTJAZ944+8S3gO7S3qxXkXI+rasx8Jz8ldflyq1zHO5MWTyFiHc7+dfmwYhg==",
        "dependencies": {
          "Google.Api.Gax.Rest": "[4.8.0, 5.0.0)",
          "Google.Apis.Storage.v1": "[1.67.0.3365, 2.0.0)"
        }
      },
      "Microsoft.Extensions.DependencyInjection.Abstractions": {
        "type": "Direct",
        "requested": "[10.0.8, )",
        "resolved": "10.0.8",
        "contentHash": "21nbDV60SRPWGIivsyl6lqBeEJNG1sginhhfWgRrr3Ais7aQ12To25OAHQxgoiJkjqy1aQ6RxpZBGYuTi7Ge6A=="
      },
      "Microsoft.SourceLink.GitHub": {
        "type": "Direct",
        "requested": "[8.0.0, )",
        "resolved": "8.0.0",
        "contentHash": "G5q7OqtwIyGTkeIOAc3u2ZuV/kicQaec5EaRnc0pIeSnh9LUjj+PYQrJYBURvDt7twGl2PKA7nSN0kz1Zw5bnQ==",
        "dependencies": {
          "Microsoft.Build.Tasks.Git": "8.0.0",
          "Microsoft.SourceLink.Common": "8.0.0"
        }
      },
      "Google.Api.Gax": {
        "type": "Transitive",
        "resolved": "4.8.0",
        "contentHash": "xlV8Jq/G5CQAA3PwYAuKGjfzGOP7AvjhREnE6vgZlzxREGYchHudZWa2PWSqFJL+MBtz9YgitLpRogANN3CVvg==",
        "dependencies": {
          "Microsoft.Bcl.AsyncInterfaces": "6.0.0",
          "Newtonsoft.Json": "13.0.3"
        }
      },
      "Google.Api.Gax.Rest": {
        "type": "Transitive",
        "resolved": "4.8.0",
        "contentHash": "zaA5LZ2VvGj/wwIzRB68swr7khi2kWNgqWvsB0fYtScIAl3kGkGtqiBcx63H1YLeKr5xau1866bFjTeReH6FSQ==",
        "dependencies": {
          "Google.Api.Gax": "4.8.0",
          "Google.Apis.Auth": "[1.67.0, 2.0.0)",
          "Microsoft.Extensions.DependencyInjection.Abstractions": "6.0.0"
        }
      },
      "Google.Apis": {
        "type": "Transitive",
        "resolved": "1.67.0",
        "contentHash": "XM8/fViJaB1pN61OdXy5RMZoQEqd3hKlWvA/K431gFSb5XtQ48BynfgrbBkUtFcPbSRa4BdjBHzSbkBh/skyMg==",
        "dependencies": {
          "Google.Apis.Core": "1.67.0"
        }
      },
      "Google.Apis.Auth": {
        "type": "Transitive",
        "resolved": "1.67.0",
        "contentHash": "Bs9BlbZ12Y4NXzMONjpzQhZr9VbwLUTGMHkcQRF36aYnk2fYrmj5HNVNh7PPHDDq1fcEQpCtPic2nSlpYQLKXw==",
        "dependencies": {
          "Google.Apis": "1.67.0",
          "Google.Apis.Core": "1.67.0",
          "System.Management": "7.0.2"
        }
      },
      "Google.Apis.Core": {
        "type": "Transitive",
        "resolved": "1.67.0",
        "contentHash": "IPq0I3B01NYZraPoMl8muELFLg4Vr2sbfyZp4PR2Xe3MAhHkZCiKyV28Yh1L14zIKUb0X0snol1sR5/mx4S6Iw==",
        "dependencies": {
          "Newtonsoft.Json": "13.0.3"
        }
      },
      "Google.Apis.Storage.v1": {
        "type": "Transitive",
        "resolved": "1.67.0.3365",
        "contentHash": "N9Rp8aRUV8Fsjl6uojZeJnzZ/zwtImB+crkPz/HsUtIKcC8rx/ZhNdizNJ5YcNFKiVlvGC60p0K7M+Ywk2xTPQ==",
        "dependencies": {
          "Google.Apis": "1.67.0",
          "Google.Apis.Auth": "1.67.0"
        }
      },
      "Microsoft.Bcl.AsyncInterfaces": {
        "type": "Transitive",
        "resolved": "6.0.0",
        "contentHash": "UcSjPsst+DfAdJGVDsu346FX0ci0ah+lw3WRtn18NUwEqRt70HaOQ7lI72vy3+1LxtqI3T5GWwV39rQSrCzAeg=="
      },
      "Microsoft.Build.Tasks.Git": {
        "type": "Transitive",
        "resolved": "8.0.0",
        "contentHash": "bZKfSIKJRXLTuSzLudMFte/8CempWjVamNUR5eHJizsy+iuOuO/k2gnh7W0dHJmYY0tBf+gUErfluCv5mySAOQ=="
      },
      "Microsoft.SourceLink.Common": {
        "type": "Transitive",
        "resolved": "8.0.0",
        "contentHash": "dk9JPxTCIevS75HyEQ0E4OVAFhB2N+V9ShCXf8Q6FkUQZDkgLI12y679Nym1YqsiSysuQskT7Z+6nUf3yab6Vw=="
      },
      "Newtonsoft.Json": {
        "type": "Transitive",
        "resolved": "13.0.3",
        "contentHash": "HrC5BXdl00IP9zeV+0Z848QWPAoCr9P3bDEZguI+gkLcBKAOxix/tLEAAHC+UvDNPv4a2d18lOReHMOagPa+zQ=="
      },
      "System.CodeDom": {
        "type": "Transitive",
        "resolved": "7.0.0",
        "contentHash": "GLltyqEsE5/3IE+zYRP5sNa1l44qKl9v+bfdMcwg+M9qnQf47wK3H0SUR/T+3N4JEQXF3vV4CSuuo0rsg+nq2A=="
      },
      "System.Management": {
        "type": "Transitive",
        "resolved": "7.0.2",
        "contentHash": "/qEUN91mP/MUQmJnM5y5BdT7ZoPuVrtxnFlbJ8a3kBJGhe2wCzBfnPFtK2wTtEEcf3DMGR9J00GZZfg6HRI6yA==",
        "dependencies": {
          "System.CodeDom": "7.0.0"
        }
      },
      "stampd.core": {
        "type": "Project"
      }
    }
  }
}